
Microsoft Visual Studio Solution File, Format Version 12.00
# Visual Studio Version 17
VisualStudioVersion = 17.5.002.0
MinimumVisualStudioVersion = 10.0.40219.1
Project("{2150E333-8FDC-42A3-9474-1A3956D46DE8}") = "Start", "Start", "{A6E31BF8-51D7-4F4E-80A4-272C5FE2EF76}"
EndProject
Project("{2150E333-8FDC-42A3-9474-1A3956D46DE8}") = "Strings", "Strings", "{4ABD5D9E-9431-4A87-9DE9-2B2A87DF3418}"
EndProject
Project("{9A19103F-16F7-4668-BE54-9A1E7A4F7556}") = "Interpolation", "Start\Strings\Interpolation\Interpolation.csproj", "{BCB73B1B-5B0E-4D9C-BCAA-01611F4DA8E6}"
EndProject
Project("{9A19103F-16F7-4668-BE54-9A1E7A4F7556}") = "Searching", "Start\Strings\Searching\Searching.csproj", "{C6AC947A-EF74-4B55-8B57-0482A1E28F68}"
EndProject
Project("{9A19103F-16F7-4668-BE54-9A1E7A4F7556}") = "Manipulation", "Start\Strings\Manipulation\Manipulation.csproj", "{F32ECA07-170C-4CBF-8260-1C416DA63BA3}"
EndProject
Project("{9A19103F-16F7-4668-BE54-9A1E7A4F7556}") = "Formatting", "Start\Strings\Formatting\Formatting.csproj", "{245DE573-1D6F-4D5A-B3B1-4548485E4EBE}"
EndProject
Project("{2150E333-8FDC-42A3-9474-1A3956D46DE8}") = "NumbersDates", "NumbersDates", "{EA3A2E9D-87A2-43FD-A915-3A781CFB5134}"
EndProject
Project("{9A19103F-16F7-4668-BE54-9A1E7A4F7556}") = "FormatNumbers", "Start\NumbersDates\FormatNumbers\FormatNumbers.csproj", "{02ABBA35-C189-406D-86CF-BC9D14580179}"
EndProject
Project("{9A19103F-16F7-4668-BE54-9A1E7A4F7556}") = "ParseNumbers", "Start\NumbersDates\ParseNumbers\ParseNumbers.csproj", "{6288509D-97B2-4B19-8715-A18C40AF418C}"
EndProject
Project("{9A19103F-16F7-4668-BE54-9A1E7A4F7556}") = "FormatDates", "Start\NumbersDates\FormatDates\FormatDates.csproj", "{D0134DCE-973D-4250-8473-03525D5EA9AF}"
EndProject
Project("{9A19103F-16F7-4668-BE54-9A1E7A4F7556}") = "DateTimeClass", "Start\NumbersDates\DateTimeClass\DateTimeClass.csproj", "{F045DDA1-102E-4863-9694-65B5CC4E6489}"
EndProject
Project("{9A19103F-16F7-4668-BE54-9A1E7A4F7556}") = "ParseDates", "Start\NumbersDates\ParseDates\ParseDates.csproj", "{E7CE7664-FC4B-424A-BA73-BCE03E501DD8}"
EndProject
Project("{2150E333-8FDC-42A3-9474-1A3956D46DE8}") = "Files", "Files", "{A3112462-2512-41D8-8208-E7455488DEE0}"
EndProject
Project("{9A19103F-16F7-4668-BE54-9A1E7A4F7556}") = "FileInfo", "Start\Files\FileInfo\FileInfo.csproj", "{14FFF5B7-D838-4D51-B489-593F8C8D32A9}"
EndProject
Project("{9A19103F-16F7-4668-BE54-9A1E7A4F7556}") = "Directories", "Start\Files\Directories\Directories.csproj", "{5E0FF1EF-57C3-4834-B320-0A45C72034BD}"
EndProject
Project("{9A19103F-16F7-4668-BE54-9A1E7A4F7556}") = "ReadWriteFiles", "Start\Files\ReadWriteFiles\ReadWriteFiles.csproj", "{B8156D46-9CD2-4467-BA20-C53FF2A59DBD}"
EndProject
Project("{9A19103F-16F7-4668-BE54-9A1E7A4F7556}") = "CreateFiles", "Start\Files\CreateFiles\CreateFiles.csproj", "{FC6D1402-C43C-4B1C-9697-E11AAC8824AA}"
EndProject
Project("{2150E333-8FDC-42A3-9474-1A3956D46DE8}") = "Overview", "Overview", "{B6915846-F249-43FE-BF40-DB2EDB628998}"
EndProject
Project("{9A19103F-16F7-4668-BE54-9A1E7A4F7556}") = "MyConsoleApp", "Start\Overview\MyConsoleApp\MyConsoleApp.csproj", "{4F2AE155-A694-41CF-B404-5AE4E0C49437}"
EndProject
Project("{9A19103F-16F7-4668-BE54-9A1E7A4F7556}") = "MyConsoleAppTests", "Start\Overview\MyConsoleAppTests\MyConsoleAppTests.csproj", "{AA1F6755-E756-4B61-8618-14066D6FDC6D}"
EndProject
Project("{9A19103F-16F7-4668-BE54-9A1E7A4F7556}") = "GarbageCollect", "Start\Overview\GarbageCollect\GarbageCollect.csproj", "{85488FB3-6DD4-4424-9078-DB201B67F75B}"
EndProject
Project("{9A19103F-16F7-4668-BE54-9A1E7A4F7556}") = "WorkerApp", "Start\Overview\WorkerApp\WorkerApp.csproj", "{8FAB0DC8-A43B-48A2-A182-52289B94EA92}"
EndProject
Project("{9A19103F-16F7-4668-BE54-9A1E7A4F7556}") = "MyMicroservice", "Start\Overview\MyMicroservice\MyMicroservice.csproj", "{6A42CEC0-52D8-4EF1-AA3E-BD3282EB74F9}"
EndProject
Project("{9A19103F-16F7-4668-BE54-9A1E7A4F7556}") = "MyMicroServiceTests", "Start\Overview\MyMicroServiceTests\MyMicroServiceTests.csproj", "{C1C50C1A-4607-40CE-86A5-E9C533ECBCB3}"
EndProject
Project("{9A19103F-16F7-4668-BE54-9A1E7A4F7556}") = "DataTypes", "Start\Overview\DataTypes\DataTypes.csproj", "{58642A10-C71B-4511-B4F6-42A950038199}"
EndProject
Project("{2150E333-8FDC-42A3-9474-1A3956D46DE8}") = "Regex", "Regex", "{C893D851-0F9E-4754-8619-DDE3A45A9702}"
EndProject
Project("{9A19103F-16F7-4668-BE54-9A1E7A4F7556}") = "RegexTimeouts", "Start\Regex\Timeouts\RegexTimeouts.csproj", "{576F47E5-4B16-4350-95A1-C35932B03EB0}"
EndProject
Project("{9A19103F-16F7-4668-BE54-9A1E7A4F7556}") = "Replacing", "Start\Regex\Replacing\Replacing.csproj", "{070EFD3E-29D3-407B-9A3A-FBD92FCA36E2}"
EndProject
Project("{9A19103F-16F7-4668-BE54-9A1E7A4F7556}") = "Finding", "Start\Regex\Finding\Finding.csproj", "{7831A1CF-7FA7-409E-9E11-E234D428F5D3}"
EndProject
Project("{2150E333-8FDC-42A3-9474-1A3956D46DE8}") = "Finished", "Finished", "{C26C10C5-2234-425D-8DEF-B76ACA677C25}"
EndProject
Project("{2150E333-8FDC-42A3-9474-1A3956D46DE8}") = "Strings", "Strings", "{D11C2943-35FF-4BA4-85AE-C1A72EA16BE1}"
EndProject
Project("{9A19103F-16F7-4668-BE54-9A1E7A4F7556}") = "Interpolation", "Finished\Strings\Interpolation\Interpolation.csproj", "{11409123-6EAD-42BA-BA79-90953AA7AF94}"
EndProject
Project("{9A19103F-16F7-4668-BE54-9A1E7A4F7556}") = "Searching", "Finished\Strings\Searching\Searching.csproj", "{D9A0D68E-9368-425F-8794-FC70B263253C}"
EndProject
Project("{9A19103F-16F7-4668-BE54-9A1E7A4F7556}") = "Manipulation", "Finished\Strings\Manipulation\Manipulation.csproj", "{6DCC4540-ADF0-45C0-BAB1-6BC26EDAE901}"
EndProject
Project("{9A19103F-16F7-4668-BE54-9A1E7A4F7556}") = "Formatting", "Finished\Strings\Formatting\Formatting.csproj", "{9AAA3881-03EB-474B-9F51-BCE6F3FCFBBD}"
EndProject
Project("{2150E333-8FDC-42A3-9474-1A3956D46DE8}") = "NumbersDates", "NumbersDates", "{CE6056FA-EA51-4E29-9236-D4246C6D7884}"
EndProject
Project("{9A19103F-16F7-4668-BE54-9A1E7A4F7556}") = "Challenge", "Finished\NumbersDates\Challenge\Challenge.csproj", "{C2C4D019-17B9-410E-BA35-3DFFD3AE88D9}"
EndProject
Project("{9A19103F-16F7-4668-BE54-9A1E7A4F7556}") = "FormatNumbers", "Finished\NumbersDates\FormatNumbers\FormatNumbers.csproj", "{8972A8C8-5B92-43AA-A3E8-7BEA72F5C39B}"
EndProject
Project("{9A19103F-16F7-4668-BE54-9A1E7A4F7556}") = "ParseNumbers", "Finished\NumbersDates\ParseNumbers\ParseNumbers.csproj", "{80908651-D22A-4C2F-92D3-B00A5204238F}"
EndProject
Project("{9A19103F-16F7-4668-BE54-9A1E7A4F7556}") = "FormatDates", "Finished\NumbersDates\FormatDates\FormatDates.csproj", "{2C50E835-4B1D-417C-BCD3-272B5786AB7A}"
EndProject
Project("{9A19103F-16F7-4668-BE54-9A1E7A4F7556}") = "DateTimeClass", "Finished\NumbersDates\DateTimeClass\DateTimeClass.csproj", "{33A6D21F-6E49-421E-8D47-0E8D1A098BCC}"
EndProject
Project("{9A19103F-16F7-4668-BE54-9A1E7A4F7556}") = "ParseDates", "Finished\NumbersDates\ParseDates\ParseDates.csproj", "{C2E32308-2E14-43FC-9894-4B3040A36ACE}"
EndProject
Project("{2150E333-8FDC-42A3-9474-1A3956D46DE8}") = "Files", "Files", "{7C6F9D3E-6AE3-44CE-BB77-94A530DE7A0D}"
EndProject
Project("{9A19103F-16F7-4668-BE54-9A1E7A4F7556}") = "Challenge", "Finished\Files\Challenge\Challenge.csproj", "{B7F99DBC-3252-492C-B2D0-B69F6A2E8C8D}"
EndProject
Project("{9A19103F-16F7-4668-BE54-9A1E7A4F7556}") = "FileInfo", "Finished\Files\FileInfo\FileInfo.csproj", "{F8B22ED7-DD25-44DF-99C0-62B1340DB04B}"
EndProject
Project("{9A19103F-16F7-4668-BE54-9A1E7A4F7556}") = "Directories", "Finished\Files\Directories\Directories.csproj", "{89B4E374-B395-4B5B-B439-AB963AA20A90}"
EndProject
Project("{9A19103F-16F7-4668-BE54-9A1E7A4F7556}") = "ReadWriteFiles", "Finished\Files\ReadWriteFiles\ReadWriteFiles.csproj", "{069BF438-EEA0-42F4-8E53-8B5D99FCAEE4}"
EndProject
Project("{9A19103F-16F7-4668-BE54-9A1E7A4F7556}") = "CreateFiles", "Finished\Files\CreateFiles\CreateFiles.csproj", "{457561C8-71E9-438A-AE9A-3D80EA3A7CE9}"
EndProject
Project("{2150E333-8FDC-42A3-9474-1A3956D46DE8}") = "Overview", "Overview", "{8352DBFD-A838-43F3-8BE5-2FBFF1441F59}"
EndProject
Project("{9A19103F-16F7-4668-BE54-9A1E7A4F7556}") = "MyConsoleApp", "Finished\Overview\MyConsoleApp\MyConsoleApp.csproj", "{2EEFFCA9-A820-41F4-B722-3EEADAA2ABA8}"
EndProject
Project("{9A19103F-16F7-4668-BE54-9A1E7A4F7556}") = "GarbageCollect", "Finished\Overview\GarbageCollect\GarbageCollect.csproj", "{15F2DD98-F257-4373-A61C-19D3EFA631A0}"
EndProject
Project("{9A19103F-16F7-4668-BE54-9A1E7A4F7556}") = "DataTypes", "Finished\Overview\DataTypes\DataTypes.csproj", "{131BC7AB-58B4-410B-81AB-91767B85C6EA}"
EndProject
Project("{2150E333-8FDC-42A3-9474-1A3956D46DE8}") = "Regex", "Regex", "{1C84BC21-7BC2-4653-B163-5B212F524E17}"
EndProject
Project("{9A19103F-16F7-4668-BE54-9A1E7A4F7556}") = "RegexTimeouts", "Finished\Regex\Timeouts\RegexTimeouts.csproj", "{26DBD41C-1F3A-4EDC-B267-C22E6EB03C0F}"
EndProject
Project("{9A19103F-16F7-4668-BE54-9A1E7A4F7556}") = "Challenge", "Finished\Regex\Challenge\Challenge.csproj", "{27182741-B482-4D5F-82E5-A28933756D9E}"
EndProject
Project("{9A19103F-16F7-4668-BE54-9A1E7A4F7556}") = "Replacing", "Finished\Regex\Replacing\Replacing.csproj", "{D2974D84-9FE3-4179-A5B3-A1D877B77664}"
EndProject
Project("{9A19103F-16F7-4668-BE54-9A1E7A4F7556}") = "Finding", "Finished\Regex\Finding\Finding.csproj", "{00482BED-0D20-4289-8C16-52E87AF38888}"
EndProject
Global
	GlobalSection(SolutionConfigurationPlatforms) = preSolution
		Debug|Any CPU = Debug|Any CPU
		Release|Any CPU = Release|Any CPU
	EndGlobalSection
	GlobalSection(ProjectConfigurationPlatforms) = postSolution
		{BCB73B1B-5B0E-4D9C-BCAA-01611F4DA8E6}.Debug|Any CPU.ActiveCfg = Debug|Any CPU
		{BCB73B1B-5B0E-4D9C-BCAA-01611F4DA8E6}.Debug|Any CPU.Build.0 = Debug|Any CPU
		{BCB73B1B-5B0E-4D9C-BCAA-01611F4DA8E6}.Release|Any CPU.ActiveCfg = Release|Any CPU
		{BCB73B1B-5B0E-4D9C-BCAA-01611F4DA8E6}.Release|Any CPU.Build.0 = Release|Any CPU
		{C6AC947A-EF74-4B55-8B57-0482A1E28F68}.Debug|Any CPU.ActiveCfg = Debug|Any CPU
		{C6AC947A-EF74-4B55-8B57-0482A1E28F68}.Debug|Any CPU.Build.0 = Debug|Any CPU
		{C6AC947A-EF74-4B55-8B57-0482A1E28F68}.Release|Any CPU.ActiveCfg = Release|Any CPU
		{C6AC947A-EF74-4B55-8B57-0482A1E28F68}.Release|Any CPU.Build.0 = Release|Any CPU
		{F32ECA07-170C-4CBF-8260-1C416DA63BA3}.Debug|Any CPU.ActiveCfg = Debug|Any CPU
		{F32ECA07-170C-4CBF-8260-1C416DA63BA3}.Debug|Any CPU.Build.0 = Debug|Any CPU
		{F32ECA07-170C-4CBF-8260-1C416DA63BA3}.Release|Any CPU.ActiveCfg = Release|Any CPU
		{F32ECA07-170C-4CBF-8260-1C416DA63BA3}.Release|Any CPU.Build.0 = Release|Any CPU
		{245DE573-1D6F-4D5A-B3B1-4548485E4EBE}.Debug|Any CPU.ActiveCfg = Debug|Any CPU
		{245DE573-1D6F-4D5A-B3B1-4548485E4EBE}.Debug|Any CPU.Build.0 = Debug|Any CPU
		{245DE573-1D6F-4D5A-B3B1-4548485E4EBE}.Release|Any CPU.ActiveCfg = Release|Any CPU
		{245DE573-1D6F-4D5A-B3B1-4548485E4EBE}.Release|Any CPU.Build.0 = Release|Any CPU
		{02ABBA35-C189-406D-86CF-BC9D14580179}.Debug|Any CPU.ActiveCfg = Debug|Any CPU
		{02ABBA35-C189-406D-86CF-BC9D14580179}.Debug|Any CPU.Build.0 = Debug|Any CPU
		{02ABBA35-C189-406D-86CF-BC9D14580179}.Release|Any CPU.ActiveCfg = Release|Any CPU
		{02ABBA35-C189-406D-86CF-BC9D14580179}.Release|Any CPU.Build.0 = Release|Any CPU
		{6288509D-97B2-4B19-8715-A18C40AF418C}.Debug|Any CPU.ActiveCfg = Debug|Any CPU
		{6288509D-97B2-4B19-8715-A18C40AF418C}.Debug|Any CPU.Build.0 = Debug|Any CPU
		{6288509D-97B2-4B19-8715-A18C40AF418C}.Release|Any CPU.ActiveCfg = Release|Any CPU
		{6288509D-97B2-4B19-8715-A18C40AF418C}.Release|Any CPU.Build.0 = Release|Any CPU
		{D0134DCE-973D-4250-8473-03525D5EA9AF}.Debug|Any CPU.ActiveCfg = Debug|Any CPU
		{D0134DCE-973D-4250-8473-03525D5EA9AF}.Debug|Any CPU.Build.0 = Debug|Any CPU
		{D0134DCE-973D-4250-8473-03525D5EA9AF}.Release|Any CPU.ActiveCfg = Release|Any CPU
		{D0134DCE-973D-4250-8473-03525D5EA9AF}.Release|Any CPU.Build.0 = Release|Any CPU
		{F045DDA1-102E-4863-9694-65B5CC4E6489}.Debug|Any CPU.ActiveCfg = Debug|Any CPU
		{F045DDA1-102E-4863-9694-65B5CC4E6489}.Debug|Any CPU.Build.0 = Debug|Any CPU
		{F045DDA1-102E-4863-9694-65B5CC4E6489}.Release|Any CPU.ActiveCfg = Release|Any CPU
		{F045DDA1-102E-4863-9694-65B5CC4E6489}.Release|Any CPU.Build.0 = Release|Any CPU
		{E7CE7664-FC4B-424A-BA73-BCE03E501DD8}.Debug|Any CPU.ActiveCfg = Debug|Any CPU
		{E7CE7664-FC4B-424A-BA73-BCE03E501DD8}.Debug|Any CPU.Build.0 = Debug|Any CPU
		{E7CE7664-FC4B-424A-BA73-BCE03E501DD8}.Release|Any CPU.ActiveCfg = Release|Any CPU
		{E7CE7664-FC4B-424A-BA73-BCE03E501DD8}.Release|Any CPU.Build.0 = Release|Any CPU
		{14FFF5B7-D838-4D51-B489-593F8C8D32A9}.Debug|Any CPU.ActiveCfg = Debug|Any CPU
		{14FFF5B7-D838-4D51-B489-593F8C8D32A9}.Debug|Any CPU.Build.0 = Debug|Any CPU
		{14FFF5B7-D838-4D51-B489-593F8C8D32A9}.Release|Any CPU.ActiveCfg = Release|Any CPU
		{14FFF5B7-D838-4D51-B489-593F8C8D32A9}.Release|Any CPU.Build.0 = Release|Any CPU
		{5E0FF1EF-57C3-4834-B320-0A45C72034BD}.Debug|Any CPU.ActiveCfg = Debug|Any CPU
		{5E0FF1EF-57C3-4834-B320-0A45C72034BD}.Debug|Any CPU.Build.0 = Debug|Any CPU
		{5E0FF1EF-57C3-4834-B320-0A45C72034BD}.Release|Any CPU.ActiveCfg = Release|Any CPU
		{5E0FF1EF-57C3-4834-B320-0A45C72034BD}.Release|Any CPU.Build.0 = Release|Any CPU
		{B8156D46-9CD2-4467-BA20-C53FF2A59DBD}.Debug|Any CPU.ActiveCfg = Debug|Any CPU
		{B8156D46-9CD2-4467-BA20-C53FF2A59DBD}.Debug|Any CPU.Build.0 = Debug|Any CPU
		{B8156D46-9CD2-4467-BA20-C53FF2A59DBD}.Release|Any CPU.ActiveCfg = Release|Any CPU
		{B8156D46-9CD2-4467-BA20-C53FF2A59DBD}.Release|Any CPU.Build.0 = Release|Any CPU
		{FC6D1402-C43C-4B1C-9697-E11AAC8824AA}.Debug|Any CPU.ActiveCfg = Debug|Any CPU
		{FC6D1402-C43C-4B1C-9697-E11AAC8824AA}.Debug|Any CPU.Build.0 = Debug|Any CPU
		{FC6D1402-C43C-4B1C-9697-E11AAC8824AA}.Release|Any CPU.ActiveCfg = Release|Any CPU
		{FC6D1402-C43C-4B1C-9697-E11AAC8824AA}.Release|Any CPU.Build.0 = Release|Any CPU
		{4F2AE155-A694-41CF-B404-5AE4E0C49437}.Debug|Any CPU.ActiveCfg = Debug|Any CPU
		{4F2AE155-A694-41CF-B404-5AE4E0C49437}.Debug|Any CPU.Build.0 = Debug|Any CPU
		{4F2AE155-A694-41CF-B404-5AE4E0C49437}.Release|Any CPU.ActiveCfg = Release|Any CPU
		{4F2AE155-A694-41CF-B404-5AE4E0C49437}.Release|Any CPU.Build.0 = Release|Any CPU
		{AA1F6755-E756-4B61-8618-14066D6FDC6D}.Debug|Any CPU.ActiveCfg = Debug|Any CPU
		{AA1F6755-E756-4B61-8618-14066D6FDC6D}.Debug|Any CPU.Build.0 = Debug|Any CPU
		{AA1F6755-E756-4B61-8618-14066D6FDC6D}.Release|Any CPU.ActiveCfg = Release|Any CPU
		{AA1F6755-E756-4B61-8618-14066D6FDC6D}.Release|Any CPU.Build.0 = Release|Any CPU
		{85488FB3-6DD4-4424-9078-DB201B67F75B}.Debug|Any CPU.ActiveCfg = Debug|Any CPU
		{85488FB3-6DD4-4424-9078-DB201B67F75B}.Debug|Any CPU.Build.0 = Debug|Any CPU
		{85488FB3-6DD4-4424-9078-DB201B67F75B}.Release|Any CPU.ActiveCfg = Release|Any CPU
		{85488FB3-6DD4-4424-9078-DB201B67F75B}.Release|Any CPU.Build.0 = Release|Any CPU
		{8FAB0DC8-A43B-48A2-A182-52289B94EA92}.Debug|Any CPU.ActiveCfg = Debug|Any CPU
		{8FAB0DC8-A43B-48A2-A182-52289B94EA92}.Debug|Any CPU.Build.0 = Debug|Any CPU
		{8FAB0DC8-A43B-48A2-A182-52289B94EA92}.Release|Any CPU.ActiveCfg = Release|Any CPU
		{8FAB0DC8-A43B-48A2-A182-52289B94EA92}.Release|Any CPU.Build.0 = Release|Any CPU
		{6A42CEC0-52D8-4EF1-AA3E-BD3282EB74F9}.Debug|Any CPU.ActiveCfg = Debug|Any CPU
		{6A42CEC0-52D8-4EF1-AA3E-BD3282EB74F9}.Debug|Any CPU.Build.0 = Debug|Any CPU
		{6A42CEC0-52D8-4EF1-AA3E-BD3282EB74F9}.Release|Any CPU.ActiveCfg = Release|Any CPU
		{6A42CEC0-52D8-4EF1-AA3E-BD3282EB74F9}.Release|Any CPU.Build.0 = Release|Any CPU
		{C1C50C1A-4607-40CE-86A5-E9C533ECBCB3}.Debug|Any CPU.ActiveCfg = Debug|Any CPU
		{C1C50C1A-4607-40CE-86A5-E9C533ECBCB3}.Debug|Any CPU.Build.0 = Debug|Any CPU
		{C1C50C1A-4607-40CE-86A5-E9C533ECBCB3}.Release|Any CPU.ActiveCfg = Release|Any CPU
		{C1C50C1A-4607-40CE-86A5-E9C533ECBCB3}.Release|Any CPU.Build.0 = Release|Any CPU
		{58642A10-C71B-4511-B4F6-42A950038199}.Debug|Any CPU.ActiveCfg = Debug|Any CPU
		{58642A10-C71B-4511-B4F6-42A950038199}.Debug|Any CPU.Build.0 = Debug|Any CPU
		{58642A10-C71B-4511-B4F6-42A950038199}.Release|Any CPU.ActiveCfg = Release|Any CPU
		{58642A10-C71B-4511-B4F6-42A950038199}.Release|Any CPU.Build.0 = Release|Any CPU
		{576F47E5-4B16-4350-95A1-C35932B03EB0}.Debug|Any CPU.ActiveCfg = Debug|Any CPU
		{576F47E5-4B16-4350-95A1-C35932B03EB0}.Debug|Any CPU.Build.0 = Debug|Any CPU
		{576F47E5-4B16-4350-95A1-C35932B03EB0}.Release|Any CPU.ActiveCfg = Release|Any CPU
		{576F47E5-4B16-4350-95A1-C35932B03EB0}.Release|Any CPU.Build.0 = Release|Any CPU
		{070EFD3E-29D3-407B-9A3A-FBD92FCA36E2}.Debug|Any CPU.ActiveCfg = Debug|Any CPU
		{070EFD3E-29D3-407B-9A3A-FBD92FCA36E2}.Debug|Any CPU.Build.0 = Debug|Any CPU
		{070EFD3E-29D3-407B-9A3A-FBD92FCA36E2}.Release|Any CPU.ActiveCfg = Release|Any CPU
		{070EFD3E-29D3-407B-9A3A-FBD92FCA36E2}.Release|Any CPU.Build.0 = Release|Any CPU
		{7831A1CF-7FA7-409E-9E11-E234D428F5D3}.Debug|Any CPU.ActiveCfg = Debug|Any CPU
		{7831A1CF-7FA7-409E-9E11-E234D428F5D3}.Debug|Any CPU.Build.0 = Debug|Any CPU
		{7831A1CF-7FA7-409E-9E11-E234D428F5D3}.Release|Any CPU.ActiveCfg = Release|Any CPU
		{7831A1CF-7FA7-409E-9E11-E234D428F5D3}.Release|Any CPU.Build.0 = Release|Any CPU
		{11409123-6EAD-42BA-BA79-90953AA7AF94}.Debug|Any CPU.ActiveCfg = Debug|Any CPU
		{11409123-6EAD-42BA-BA79-90953AA7AF94}.Debug|Any CPU.Build.0 = Debug|Any CPU
		{11409123-6EAD-42BA-BA79-90953AA7AF94}.Release|Any CPU.ActiveCfg = Release|Any CPU
		{11409123-6EAD-42BA-BA79-90953AA7AF94}.Release|Any CPU.Build.0 = Release|Any CPU
		{D9A0D68E-9368-425F-8794-FC70B263253C}.Debug|Any CPU.ActiveCfg = Debug|Any CPU
		{D9A0D68E-9368-425F-8794-FC70B263253C}.Debug|Any CPU.Build.0 = Debug|Any CPU
		{D9A0D68E-9368-425F-8794-FC70B263253C}.Release|Any CPU.ActiveCfg = Release|Any CPU
		{D9A0D68E-9368-425F-8794-FC70B263253C}.Release|Any CPU.Build.0 = Release|Any CPU
		{6DCC4540-ADF0-45C0-BAB1-6BC26EDAE901}.Debug|Any CPU.ActiveCfg = Debug|Any CPU
		{6DCC4540-ADF0-45C0-BAB1-6BC26EDAE901}.Debug|Any CPU.Build.0 = Debug|Any CPU
		{6DCC4540-ADF0-45C0-BAB1-6BC26EDAE901}.Release|Any CPU.ActiveCfg = Release|Any CPU
		{6DCC4540-ADF0-45C0-BAB1-6BC26EDAE901}.Release|Any CPU.Build.0 = Release|Any CPU
		{9AAA3881-03EB-474B-9F51-BCE6F3FCFBBD}.Debug|Any CPU.ActiveCfg = Debug|Any CPU
		{9AAA3881-03EB-474B-9F51-BCE6F3FCFBBD}.Debug|Any CPU.Build.0 = Debug|Any CPU
		{9AAA3881-03EB-474B-9F51-BCE6F3FCFBBD}.Release|Any CPU.ActiveCfg = Release|Any CPU
		{9AAA3881-03EB-474B-9F51-BCE6F3FCFBBD}.Release|Any CPU.Build.0 = Release|Any CPU
		{C2C4D019-17B9-410E-BA35-3DFFD3AE88D9}.Debug|Any CPU.ActiveCfg = Debug|Any CPU
		{C2C4D019-17B9-410E-BA35-3DFFD3AE88D9}.Debug|Any CPU.Build.0 = Debug|Any CPU
		{C2C4D019-17B9-410E-BA35-3DFFD3AE88D9}.Release|Any CPU.ActiveCfg = Release|Any CPU
		{C2C4D019-17B9-410E-BA35-3DFFD3AE88D9}.Release|Any CPU.Build.0 = Release|Any CPU
		{8972A8C8-5B92-43AA-A3E8-7BEA72F5C39B}.Debug|Any CPU.ActiveCfg = Debug|Any CPU
		{8972A8C8-5B92-43AA-A3E8-7BEA72F5C39B}.Debug|Any CPU.Build.0 = Debug|Any CPU
		{8972A8C8-5B92-43AA-A3E8-7BEA72F5C39B}.Release|Any CPU.ActiveCfg = Release|Any CPU
		{8972A8C8-5B92-43AA-A3E8-7BEA72F5C39B}.Release|Any CPU.Build.0 = Release|Any CPU
		{80908651-D22A-4C2F-92D3-B00A5204238F}.Debug|Any CPU.ActiveCfg = Debug|Any CPU
		{80908651-D22A-4C2F-92D3-B00A5204238F}.Debug|Any CPU.Build.0 = Debug|Any CPU
		{80908651-D22A-4C2F-92D3-B00A5204238F}.Release|Any CPU.ActiveCfg = Release|Any CPU
		{80908651-D22A-4C2F-92D3-B00A5204238F}.Release|Any CPU.Build.0 = Release|Any CPU
		{2C50E835-4B1D-417C-BCD3-272B5786AB7A}.Debug|Any CPU.ActiveCfg = Debug|Any CPU
		{2C50E835-4B1D-417C-BCD3-272B5786AB7A}.Debug|Any CPU.Build.0 = Debug|Any CPU
		{2C50E835-4B1D-417C-BCD3-272B5786AB7A}.Release|Any CPU.ActiveCfg = Release|Any CPU
		{2C50E835-4B1D-417C-BCD3-272B5786AB7A}.Release|Any CPU.Build.0 = Release|Any CPU
		{33A6D21F-6E49-421E-8D47-0E8D1A098BCC}.Debug|Any CPU.ActiveCfg = Debug|Any CPU
		{33A6D21F-6E49-421E-8D47-0E8D1A098BCC}.Debug|Any CPU.Build.0 = Debug|Any CPU
		{33A6D21F-6E49-421E-8D47-0E8D1A098BCC}.Release|Any CPU.ActiveCfg = Release|Any CPU
		{33A6D21F-6E49-421E-8D47-0E8D1A098BCC}.Release|Any CPU.Build.0 = Release|Any CPU
		{C2E32308-2E14-43FC-9894-4B3040A36ACE}.Debug|Any CPU.ActiveCfg = Debug|Any CPU
		{C2E32308-2E14-43FC-9894-4B3040A36ACE}.Debug|Any CPU.Build.0 = Debug|Any CPU
		{C2E32308-2E14-43FC-9894-4B3040A36ACE}.Release|Any CPU.ActiveCfg = Release|Any CPU
		{C2E32308-2E14-43FC-9894-4B3040A36ACE}.Release|Any CPU.Build.0 = Release|Any CPU
		{B7F99DBC-3252-492C-B2D0-B69F6A2E8C8D}.Debug|Any CPU.ActiveCfg = Debug|Any CPU
		{B7F99DBC-3252-492C-B2D0-B69F6A2E8C8D}.Debug|Any CPU.Build.0 = Debug|Any CPU
		{B7F99DBC-3252-492C-B2D0-B69F6A2E8C8D}.Release|Any CPU.ActiveCfg = Release|Any CPU
		{B7F99DBC-3252-492C-B2D0-B69F6A2E8C8D}.Release|Any CPU.Build.0 = Release|Any CPU
		{F8B22ED7-DD25-44DF-99C0-62B1340DB04B}.Debug|Any CPU.ActiveCfg = Debug|Any CPU
		{F8B22ED7-DD25-44DF-99C0-62B1340DB04B}.Debug|Any CPU.Build.0 = Debug|Any CPU
		{F8B22ED7-DD25-44DF-99C0-62B1340DB04B}.Release|Any CPU.ActiveCfg = Release|Any CPU
		{F8B22ED7-DD25-44DF-99C0-62B1340DB04B}.Release|Any CPU.Build.0 = Release|Any CPU
		{89B4E374-B395-4B5B-B439-AB963AA20A90}.Debug|Any CPU.ActiveCfg = Debug|Any CPU
		{89B4E374-B395-4B5B-B439-AB963AA20A90}.Debug|Any CPU.Build.0 = Debug|Any CPU
		{89B4E374-B395-4B5B-B439-AB963AA20A90}.Release|Any CPU.ActiveCfg = Release|Any CPU
		{89B4E374-B395-4B5B-B439-AB963AA20A90}.Release|Any CPU.Build.0 = Release|Any CPU
		{069BF438-EEA0-42F4-8E53-8B5D99FCAEE4}.Debug|Any CPU.ActiveCfg = Debug|Any CPU
		{069BF438-EEA0-42F4-8E53-8B5D99FCAEE4}.Debug|Any CPU.Build.0 = Debug|Any CPU
		{069BF438-EEA0-42F4-8E53-8B5D99FCAEE4}.Release|Any CPU.ActiveCfg = Release|Any CPU
		{069BF438-EEA0-42F4-8E53-8B5D99FCAEE4}.Release|Any CPU.Build.0 = Release|Any CPU
		{457561C8-71E9-438A-AE9A-3D80EA3A7CE9}.Debug|Any CPU.ActiveCfg = Debug|Any CPU
		{457561C8-71E9-438A-AE9A-3D80EA3A7CE9}.Debug|Any CPU.Build.0 = Debug|Any CPU
		{457561C8-71E9-438A-AE9A-3D80EA3A7CE9}.Release|Any CPU.ActiveCfg = Release|Any CPU
		{457561C8-71E9-438A-AE9A-3D80EA3A7CE9}.Release|Any CPU.Build.0 = Release|Any CPU
		{2EEFFCA9-A820-41F4-B722-3EEADAA2ABA8}.Debug|Any CPU.ActiveCfg = Debug|Any CPU
		{2EEFFCA9-A820-41F4-B722-3EEADAA2ABA8}.Debug|Any CPU.Build.0 = Debug|Any CPU
		{2EEFFCA9-A820-41F4-B722-3EEADAA2ABA8}.Release|Any CPU.ActiveCfg = Release|Any CPU
		{2EEFFCA9-A820-41F4-B722-3EEADAA2ABA8}.Release|Any CPU.Build.0 = Release|Any CPU
		{15F2DD98-F257-4373-A61C-19D3EFA631A0}.Debug|Any CPU.ActiveCfg = Debug|Any CPU
		{15F2DD98-F257-4373-A61C-19D3EFA631A0}.Debug|Any CPU.Build.0 = Debug|Any CPU
		{15F2DD98-F257-4373-A61C-19D3EFA631A0}.Release|Any CPU.ActiveCfg = Release|Any CPU
		{15F2DD98-F257-4373-A61C-19D3EFA631A0}.Release|Any CPU.Build.0 = Release|Any CPU
		{131BC7AB-58B4-410B-81AB-91767B85C6EA}.Debug|Any CPU.ActiveCfg = Debug|Any CPU
		{131BC7AB-58B4-410B-81AB-91767B85C6EA}.Debug|Any CPU.Build.0 = Debug|Any CPU
		{131BC7AB-58B4-410B-81AB-91767B85C6EA}.Release|Any CPU.ActiveCfg = Release|Any CPU
		{131BC7AB-58B4-410B-81AB-91767B85C6EA}.Release|Any CPU.Build.0 = Release|Any CPU
		{26DBD41C-1F3A-4EDC-B267-C22E6EB03C0F}.Debug|Any CPU.ActiveCfg = Debug|Any CPU
		{26DBD41C-1F3A-4EDC-B267-C22E6EB03C0F}.Debug|Any CPU.Build.0 = Debug|Any CPU
		{26DBD41C-1F3A-4EDC-B267-C22E6EB03C0F}.Release|Any CPU.ActiveCfg = Release|Any CPU
		{26DBD41C-1F3A-4EDC-B267-C22E6EB03C0F}.Release|Any CPU.Build.0 = Release|Any CPU
		{27182741-B482-4D5F-82E5-A28933756D9E}.Debug|Any CPU.ActiveCfg = Debug|Any CPU
		{27182741-B482-4D5F-82E5-A28933756D9E}.Debug|Any CPU.Build.0 = Debug|Any CPU
		{27182741-B482-4D5F-82E5-A28933756D9E}.Release|Any CPU.ActiveCfg = Release|Any CPU
		{27182741-B482-4D5F-82E5-A28933756D9E}.Release|Any CPU.Build.0 = Release|Any CPU
		{D2974D84-9FE3-4179-A5B3-A1D877B77664}.Debug|Any CPU.ActiveCfg = Debug|Any CPU
		{D2974D84-9FE3-4179-A5B3-A1D877B77664}.Debug|Any CPU.Build.0 = Debug|Any CPU
		{D2974D84-9FE3-4179-A5B3-A1D877B77664}.Release|Any CPU.ActiveCfg = Release|Any CPU
		{D2974D84-9FE3-4179-A5B3-A1D877B77664}.Release|Any CPU.Build.0 = Release|Any CPU
		{00482BED-0D20-4289-8C16-52E87AF38888}.Debug|Any CPU.ActiveCfg = Debug|Any CPU
		{00482BED-0D20-4289-8C16-52E87AF38888}.Debug|Any CPU.Build.0 = Debug|Any CPU
		{00482BED-0D20-4289-8C16-52E87AF38888}.Release|Any CPU.ActiveCfg = Release|Any CPU
		{00482BED-0D20-4289-8C16-52E87AF38888}.Release|Any CPU.Build.0 = Release|Any CPU
	EndGlobalSection
	GlobalSection(SolutionProperties) = preSolution
		HideSolutionNode = FALSE
	EndGlobalSection
	GlobalSection(NestedProjects) = preSolution
		{4ABD5D9E-9431-4A87-9DE9-2B2A87DF3418} = {A6E31BF8-51D7-4F4E-80A4-272C5FE2EF76}
		{BCB73B1B-5B0E-4D9C-BCAA-01611F4DA8E6} = {4ABD5D9E-9431-4A87-9DE9-2B2A87DF3418}
		{C6AC947A-EF74-4B55-8B57-0482A1E28F68} = {4ABD5D9E-9431-4A87-9DE9-2B2A87DF3418}
		{F32ECA07-170C-4CBF-8260-1C416DA63BA3} = {4ABD5D9E-9431-4A87-9DE9-2B2A87DF3418}
		{245DE573-1D6F-4D5A-B3B1-4548485E4EBE} = {4ABD5D9E-9431-4A87-9DE9-2B2A87DF3418}
		{EA3A2E9D-87A2-43FD-A915-3A781CFB5134} = {A6E31BF8-51D7-4F4E-80A4-272C5FE2EF76}
		{02ABBA35-C189-406D-86CF-BC9D14580179} = {EA3A2E9D-87A2-43FD-A915-3A781CFB5134}
		{6288509D-97B2-4B19-8715-A18C40AF418C} = {EA3A2E9D-87A2-43FD-A915-3A781CFB5134}
		{D0134DCE-973D-4250-8473-03525D5EA9AF} = {EA3A2E9D-87A2-43FD-A915-3A781CFB5134}
		{F045DDA1-102E-4863-9694-65B5CC4E6489} = {EA3A2E9D-87A2-43FD-A915-3A781CFB5134}
		{E7CE7664-FC4B-424A-BA73-BCE03E501DD8} = {EA3A2E9D-87A2-43FD-A915-3A781CFB5134}
		{A3112462-2512-41D8-8208-E7455488DEE0} = {A6E31BF8-51D7-4F4E-80A4-272C5FE2EF76}
		{14FFF5B7-D838-4D51-B489-593F8C8D32A9} = {A3112462-2512-41D8-8208-E7455488DEE0}
		{5E0FF1EF-57C3-4834-B320-0A45C72034BD} = {A3112462-2512-41D8-8208-E7455488DEE0}
		{B8156D46-9CD2-4467-BA20-C53FF2A59DBD} = {A3112462-2512-41D8-8208-E7455488DEE0}
		{FC6D1402-C43C-4B1C-9697-E11AAC8824AA} = {A3112462-2512-41D8-8208-E7455488DEE0}
		{B6915846-F249-43FE-BF40-DB2EDB628998} = {A6E31BF8-51D7-4F4E-80A4-272C5FE2EF76}
		{4F2AE155-A694-41CF-B404-5AE4E0C49437} = {B6915846-F249-43FE-BF40-DB2EDB628998}
		{AA1F6755-E756-4B61-8618-14066D6FDC6D} = {B6915846-F249-43FE-BF40-DB2EDB628998}
		{85488FB3-6DD4-4424-9078-DB201B67F75B} = {B6915846-F249-43FE-BF40-DB2EDB628998}
		{8FAB0DC8-A43B-48A2-A182-52289B94EA92} = {B6915846-F249-43FE-BF40-DB2EDB628998}
		{6A42CEC0-52D8-4EF1-AA3E-BD3282EB74F9} = {B6915846-F249-43FE-BF40-DB2EDB628998}
		{C1C50C1A-4607-40CE-86A5-E9C533ECBCB3} = {B6915846-F249-43FE-BF40-DB2EDB628998}
		{58642A10-C71B-4511-B4F6-42A950038199} = {B6915846-F249-43FE-BF40-DB2EDB628998}
		{C893D851-0F9E-4754-8619-DDE3A45A9702} = {A6E31BF8-51D7-4F4E-80A4-272C5FE2EF76}
		{576F47E5-4B16-4350-95A1-C35932B03EB0} = {C893D851-0F9E-4754-8619-DDE3A45A9702}
		{070EFD3E-29D3-407B-9A3A-FBD92FCA36E2} = {C893D851-0F9E-4754-8619-DDE3A45A9702}
		{7831A1CF-7FA7-409E-9E11-E234D428F5D3} = {C893D851-0F9E-4754-8619-DDE3A45A9702}
		{D11C2943-35FF-4BA4-85AE-C1A72EA16BE1} = {C26C10C5-2234-425D-8DEF-B76ACA677C25}
		{11409123-6EAD-42BA-BA79-90953AA7AF94} = {D11C2943-35FF-4BA4-85AE-C1A72EA16BE1}
		{D9A0D68E-9368-425F-8794-FC70B263253C} = {D11C2943-35FF-4BA4-85AE-C1A72EA16BE1}
		{6DCC4540-ADF0-45C0-BAB1-6BC26EDAE901} = {D11C2943-35FF-4BA4-85AE-C1A72EA16BE1}
		{9AAA3881-03EB-474B-9F51-BCE6F3FCFBBD} = {D11C2943-35FF-4BA4-85AE-C1A72EA16BE1}
		{CE6056FA-EA51-4E29-9236-D4246C6D7884} = {C26C10C5-2234-425D-8DEF-B76ACA677C25}
		{C2C4D019-17B9-410E-BA35-3DFFD3AE88D9} = {CE6056FA-EA51-4E29-9236-D4246C6D7884}
		{8972A8C8-5B92-43AA-A3E8-7BEA72F5C39B} = {CE6056FA-EA51-4E29-9236-D4246C6D7884}
		{80908651-D22A-4C2F-92D3-B00A5204238F} = {CE6056FA-EA51-4E29-9236-D4246C6D7884}
		{2C50E835-4B1D-417C-BCD3-272B5786AB7A} = {CE6056FA-EA51-4E29-9236-D4246C6D7884}
		{33A6D21F-6E49-421E-8D47-0E8D1A098BCC} = {CE6056FA-EA51-4E29-9236-D4246C6D7884}
		{C2E32308-2E14-43FC-9894-4B3040A36ACE} = {CE6056FA-EA51-4E29-9236-D4246C6D7884}
		{7C6F9D3E-6AE3-44CE-BB77-94A530DE7A0D} = {C26C10C5-2234-425D-8DEF-B76ACA677C25}
		{B7F99DBC-3252-492C-B2D0-B69F6A2E8C8D} = {7C6F9D3E-6AE3-44CE-BB77-94A530DE7A0D}
		{F8B22ED7-DD25-44DF-99C0-62B1340DB04B} = {7C6F9D3E-6AE3-44CE-BB77-94A530DE7A0D}
		{89B4E374-B395-4B5B-B439-AB963AA20A90} = {7C6F9D3E-6AE3-44CE-BB77-94A530DE7A0D}
		{069BF438-EEA0-42F4-8E53-8B5D99FCAEE4} = {7C6F9D3E-6AE3-44CE-BB77-94A530DE7A0D}
		{457561C8-71E9-438A-AE9A-3D80EA3A7CE9} = {7C6F9D3E-6AE3-44CE-BB77-94A530DE7A0D}
		{8352DBFD-A838-43F3-8BE5-2FBFF1441F59} = {C26C10C5-2234-425D-8DEF-B76ACA677C25}
		{2EEFFCA9-A820-41F4-B722-3EEADAA2ABA8} = {8352DBFD-A838-43F3-8BE5-2FBFF1441F59}
		{15F2DD98-F257-4373-A61C-19D3EFA631A0} = {8352DBFD-A838-43F3-8BE5-2FBFF1441F59}
		{131BC7AB-58B4-410B-81AB-91767B85C6EA} = {8352DBFD-A838-43F3-8BE5-2FBFF1441F59}
		{1C84BC21-7BC2-4653-B163-5B212F524E17} = {C26C10C5-2234-425D-8DEF-B76ACA677C25}
		{26DBD41C-1F3A-4EDC-B267-C22E6EB03C0F} = {1C84BC21-7BC2-4653-B163-5B212F524E17}
		{27182741-B482-4D5F-82E5-A28933756D9E} = {1C84BC21-7BC2-4653-B163-5B212F524E17}
		{D2974D84-9FE3-4179-A5B3-A1D877B77664} = {1C84BC21-7BC2-4653-B163-5B212F524E17}
		{00482BED-0D20-4289-8C16-52E87AF38888} = {1C84BC21-7BC2-4653-B163-5B212F524E17}
	EndGlobalSection
	GlobalSection(ExtensibilityGlobals) = postSolution
		SolutionGuid = {D69F2548-1AB9-4F32-8F60-BC064EDB8B29}
	EndGlobalSection
EndGlobal
